// !$*UTF8*$!
{
	archiveVersion = 1;
	classes = {
	};
	objectVersion = 51;
	objects = {

/* Begin PBXBuildFile section */
		161971EE9E215AD775DBA1AB /* Pods_Parstagram.framework in Frameworks */ = {isa = PBXBuildFile; fileRef = 189129A3A1B36CFA9264C05F /* Pods_Parstagram.framework */; };
		7B597F13D371D7F0B5B0CA3C /* Pods_ParstagramTests.framework in Frameworks */ = {isa = PBXBuildFile; fileRef = 79C08CDF7DAAD8A9FF31ACEF /* Pods_ParstagramTests.framework */; };
		7FE26FD31672EAF897678D8E /* Pods_Parstagram_ParstagramUITests.framework in Frameworks */ = {isa = PBXBuildFile; fileRef = 664BC7303A54A060A590A127 /* Pods_Parstagram_ParstagramUITests.framework */; };
		9429319928F1FD73000CA8FB /* AppDelegate.swift in Sources */ = {isa = PBXBuildFile; fileRef = 9429319828F1FD73000CA8FB /* AppDelegate.swift */; };
		9429319B28F1FD73000CA8FB /* SceneDelegate.swift in Sources */ = {isa = PBXBuildFile; fileRef = 9429319A28F1FD73000CA8FB /* SceneDelegate.swift */; };
		942931A028F1FD73000CA8FB /* Main.storyboard in Resources */ = {isa = PBXBuildFile; fileRef = 9429319E28F1FD73000CA8FB /* Main.storyboard */; };
		942931A228F1FD76000CA8FB /* Assets.xcassets in Resources */ = {isa = PBXBuildFile; fileRef = 942931A128F1FD76000CA8FB /* Assets.xcassets */; };
		942931B028F1FD77000CA8FB /* ParstagramTests.swift in Sources */ = {isa = PBXBuildFile; fileRef = 942931AF28F1FD77000CA8FB /* ParstagramTests.swift */; };
		942931BB28F1FD77000CA8FB /* ParstagramUITests.swift in Sources */ = {isa = PBXBuildFile; fileRef = 942931BA28F1FD77000CA8FB /* ParstagramUITests.swift */; };
		942931CB28F3A67B000CA8FB /* LoginViewController.swift in Sources */ = {isa = PBXBuildFile; fileRef = 942931CA28F3A67B000CA8FB /* LoginViewController.swift */; };
		942931CD28F3A6CF000CA8FB /* FeedViewController.swift in Sources */ = {isa = PBXBuildFile; fileRef = 942931CC28F3A6CF000CA8FB /* FeedViewController.swift */; };
		942931CF28F3B886000CA8FB /* CameraViewController.swift in Sources */ = {isa = PBXBuildFile; fileRef = 942931CE28F3B886000CA8FB /* CameraViewController.swift */; };
		942931D128F3CBAC000CA8FB /* PostCell.swift in Sources */ = {isa = PBXBuildFile; fileRef = 942931D028F3CBAC000CA8FB /* PostCell.swift */; };
		94FB613428F5068B00F6F33A /* LaunchScreen.storyboard in Resources */ = {isa = PBXBuildFile; fileRef = 942931A328F1FD76000CA8FB /* LaunchScreen.storyboard */; };
/* End PBXBuildFile section */

/* Begin PBXContainerItemProxy section */
		942931AC28F1FD77000CA8FB /* PBXContainerItemProxy */ = {
			isa = PBXContainerItemProxy;
			containerPortal = 9429318D28F1FD73000CA8FB /* Project object */;
			proxyType = 1;
			remoteGlobalIDString = 9429319428F1FD73000CA8FB;
			remoteInfo = Parstagram;
		};
		942931B728F1FD77000CA8FB /* PBXContainerItemProxy */ = {
			isa = PBXContainerItemProxy;
			containerPortal = 9429318D28F1FD73000CA8FB /* Project object */;
			proxyType = 1;
			remoteGlobalIDString = 9429319428F1FD73000CA8FB;
			remoteInfo = Parstagram;
		};
/* End PBXContainerItemProxy section */

/* Begin PBXFileReference section */
		10426570626B7AA1DB9C715C /* Pods-Parstagram.release.xcconfig */ = {isa = PBXFileReference; includeInIndex = 1; lastKnownFileType = text.xcconfig; name = "Pods-Parstagram.release.xcconfig"; path = "Target Support Files/Pods-Parstagram/Pods-Parstagram.release.xcconfig"; sourceTree = "<group>"; };
		189129A3A1B36CFA9264C05F /* Pods_Parstagram.framework */ = {isa = PBXFileReference; explicitFileType = wrapper.framework; includeInIndex = 0; path = Pods_Parstagram.framework; sourceTree = BUILT_PRODUCTS_DIR; };
		1BEAA524C11BBCEE74659103 /* Pods-ParstagramTests.debug.xcconfig */ = {isa = PBXFileReference; includeInIndex = 1; lastKnownFileType = text.xcconfig; name = "Pods-ParstagramTests.debug.xcconfig"; path = "Target Support Files/Pods-ParstagramTests/Pods-ParstagramTests.debug.xcconfig"; sourceTree = "<group>"; };
		1E96D4EFB8C8F35E28268391 /* Pods-Parstagram.debug.xcconfig */ = {isa = PBXFileReference; includeInIndex = 1; lastKnownFileType = text.xcconfig; name = "Pods-Parstagram.debug.xcconfig"; path = "Target Support Files/Pods-Parstagram/Pods-Parstagram.debug.xcconfig"; sourceTree = "<group>"; };
		664BC7303A54A060A590A127 /* Pods_Parstagram_ParstagramUITests.framework */ = {isa = PBXFileReference; explicitFileType = wrapper.framework; includeInIndex = 0; path = Pods_Parstagram_ParstagramUITests.framework; sourceTree = BUILT_PRODUCTS_DIR; };
		79C08CDF7DAAD8A9FF31ACEF /* Pods_ParstagramTests.framework */ = {isa = PBXFileReference; explicitFileType = wrapper.framework; includeInIndex = 0; path = Pods_ParstagramTests.framework; sourceTree = BUILT_PRODUCTS_DIR; };
		9429319528F1FD73000CA8FB /* Parstagram.app */ = {isa = PBXFileReference; explicitFileType = wrapper.application; includeInIndex = 0; path = Parstagram.app; sourceTree = BUILT_PRODUCTS_DIR; };
		9429319828F1FD73000CA8FB /* AppDelegate.swift */ = {isa = PBXFileReference; lastKnownFileType = sourcecode.swift; path = AppDelegate.swift; sourceTree = "<group>"; };
		9429319A28F1FD73000CA8FB /* SceneDelegate.swift */ = {isa = PBXFileReference; lastKnownFileType = sourcecode.swift; path = SceneDelegate.swift; sourceTree = "<group>"; };
		9429319F28F1FD73000CA8FB /* Base */ = {isa = PBXFileReference; lastKnownFileType = file.storyboard; name = Base; path = Base.lproj/Main.storyboard; sourceTree = "<group>"; };
		942931A128F1FD76000CA8FB /* Assets.xcassets */ = {isa = PBXFileReference; lastKnownFileType = folder.assetcatalog; path = Assets.xcassets; sourceTree = "<group>"; };
		942931A428F1FD76000CA8FB /* Base */ = {isa = PBXFileReference; lastKnownFileType = file.storyboard; name = Base; path = Base.lproj/LaunchScreen.storyboard; sourceTree = "<group>"; };
		942931A628F1FD76000CA8FB /* Info.plist */ = {isa = PBXFileReference; lastKnownFileType = text.plist.xml; path = Info.plist; sourceTree = "<group>"; };
		942931AB28F1FD77000CA8FB /* ParstagramTests.xctest */ = {isa = PBXFileReference; explicitFileType = wrapper.cfbundle; includeInIndex = 0; path = ParstagramTests.xctest; sourceTree = BUILT_PRODUCTS_DIR; };
		942931AF28F1FD77000CA8FB /* ParstagramTests.swift */ = {isa = PBXFileReference; lastKnownFileType = sourcecode.swift; path = ParstagramTests.swift; sourceTree = "<group>"; };
		942931B128F1FD77000CA8FB /* Info.plist */ = {isa = PBXFileReference; lastKnownFileType = text.plist.xml; path = Info.plist; sourceTree = "<group>"; };
		942931B628F1FD77000CA8FB /* ParstagramUITests.xctest */ = {isa = PBXFileReference; explicitFileType = wrapper.cfbundle; includeInIndex = 0; path = ParstagramUITests.xctest; sourceTree = BUILT_PRODUCTS_DIR; };
		942931BA28F1FD77000CA8FB /* ParstagramUITests.swift */ = {isa = PBXFileReference; lastKnownFileType = sourcecode.swift; path = ParstagramUITests.swift; sourceTree = "<group>"; };
		942931BC28F1FD77000CA8FB /* Info.plist */ = {isa = PBXFileReference; lastKnownFileType = text.plist.xml; path = Info.plist; sourceTree = "<group>"; };
		942931CA28F3A67B000CA8FB /* LoginViewController.swift */ = {isa = PBXFileReference; lastKnownFileType = sourcecode.swift; path = LoginViewController.swift; sourceTree = "<group>"; };
		942931CC28F3A6CF000CA8FB /* FeedViewController.swift */ = {isa = PBXFileReference; lastKnownFileType = sourcecode.swift; path = FeedViewController.swift; sourceTree = "<group>"; };
		942931CE28F3B886000CA8FB /* CameraViewController.swift */ = {isa = PBXFileReference; lastKnownFileType = sourcecode.swift; path = CameraViewController.swift; sourceTree = "<group>"; };
		942931D028F3CBAC000CA8FB /* PostCell.swift */ = {isa = PBXFileReference; lastKnownFileType = sourcecode.swift; path = PostCell.swift; sourceTree = "<group>"; };
		CFD6C1A124ABBCC7AC3C947E /* Pods-Parstagram-ParstagramUITests.release.xcconfig */ = {isa = PBXFileReference; includeInIndex = 1; lastKnownFileType = text.xcconfig; name = "Pods-Parstagram-ParstagramUITests.release.xcconfig"; path = "Target Support Files/Pods-Parstagram-ParstagramUITests/Pods-Parstagram-ParstagramUITests.release.xcconfig"; sourceTree = "<group>"; };
		E8C27294B78E85E600BB97C6 /* Pods-Parstagram-ParstagramUITests.debug.xcconfig */ = {isa = PBXFileReference; includeInIndex = 1; lastKnownFileType = text.xcconfig; name = "Pods-Parstagram-ParstagramUITests.debug.xcconfig"; path = "Target Support Files/Pods-Parstagram-ParstagramUITests/Pods-Parstagram-ParstagramUITests.debug.xcconfig"; sourceTree = "<group>"; };
		F8B820AEFA88F9047CCD364A /* Pods-ParstagramTests.release.xcconfig */ = {isa = PBXFileReference; includeInIndex = 1; lastKnownFileType = text.xcconfig; name = "Pods-ParstagramTests.release.xcconfig"; path = "Target Support Files/Pods-ParstagramTests/Pods-ParstagramTests.release.xcconfig"; sourceTree = "<group>"; };
/* End PBXFileReference section */

/* Begin PBXFrameworksBuildPhase section */
		9429319228F1FD73000CA8FB /* Frameworks */ = {
			isa = PBXFrameworksBuildPhase;
			buildActionMask = 2147483647;
			files = (
				161971EE9E215AD775DBA1AB /* Pods_Parstagram.framework in Frameworks */,
			);
			runOnlyForDeploymentPostprocessing = 0;
		};
		942931A828F1FD77000CA8FB /* Frameworks */ = {
			isa = PBXFrameworksBuildPhase;
			buildActionMask = 2147483647;
			files = (
				7B597F13D371D7F0B5B0CA3C /* Pods_ParstagramTests.framework in Frameworks */,
			);
			runOnlyForDeploymentPostprocessing = 0;
		};
		942931B328F1FD77000CA8FB /* Frameworks */ = {
			isa = PBXFrameworksBuildPhase;
			buildActionMask = 2147483647;
			files = (
				7FE26FD31672EAF897678D8E /* Pods_Parstagram_ParstagramUITests.framework in Frameworks */,
			);
			runOnlyForDeploymentPostprocessing = 0;
		};
/* End PBXFrameworksBuildPhase section */

/* Begin PBXGroup section */
		445236C6C849F8E834680DC8 /* Frameworks */ = {
			isa = PBXGroup;
			children = (
				189129A3A1B36CFA9264C05F /* Pods_Parstagram.framework */,
				664BC7303A54A060A590A127 /* Pods_Parstagram_ParstagramUITests.framework */,
				79C08CDF7DAAD8A9FF31ACEF /* Pods_ParstagramTests.framework */,
			);
			name = Frameworks;
			sourceTree = "<group>";
		};
		9429318C28F1FD73000CA8FB = {
			isa = PBXGroup;
			children = (
				9429319728F1FD73000CA8FB /* Parstagram */,
				942931AE28F1FD77000CA8FB /* ParstagramTests */,
				942931B928F1FD77000CA8FB /* ParstagramUITests */,
				9429319628F1FD73000CA8FB /* Products */,
				D7662C9742BE5D7E9D14D200 /* Pods */,
				445236C6C849F8E834680DC8 /* Frameworks */,
			);
			sourceTree = "<group>";
		};
		9429319628F1FD73000CA8FB /* Products */ = {
			isa = PBXGroup;
			children = (
				9429319528F1FD73000CA8FB /* Parstagram.app */,
				942931AB28F1FD77000CA8FB /* ParstagramTests.xctest */,
				942931B628F1FD77000CA8FB /* ParstagramUITests.xctest */,
			);
			name = Products;
			sourceTree = "<group>";
		};
		9429319728F1FD73000CA8FB /* Parstagram */ = {
			isa = PBXGroup;
			children = (
				9429319828F1FD73000CA8FB /* AppDelegate.swift */,
				9429319A28F1FD73000CA8FB /* SceneDelegate.swift */,
				9429319E28F1FD73000CA8FB /* Main.storyboard */,
				942931A128F1FD76000CA8FB /* Assets.xcassets */,
				942931A328F1FD76000CA8FB /* LaunchScreen.storyboard */,
				942931A628F1FD76000CA8FB /* Info.plist */,
				942931CA28F3A67B000CA8FB /* LoginViewController.swift */,
				942931CC28F3A6CF000CA8FB /* FeedViewController.swift */,
				942931CE28F3B886000CA8FB /* CameraViewController.swift */,
				942931D028F3CBAC000CA8FB /* PostCell.swift */,
			);
			path = Parstagram;
			sourceTree = "<group>";
		};
		942931AE28F1FD77000CA8FB /* ParstagramTests */ = {
			isa = PBXGroup;
			children = (
				942931AF28F1FD77000CA8FB /* ParstagramTests.swift */,
				942931B128F1FD77000CA8FB /* Info.plist */,
			);
			path = ParstagramTests;
			sourceTree = "<group>";
		};
		942931B928F1FD77000CA8FB /* ParstagramUITests */ = {
			isa = PBXGroup;
			children = (
				942931BA28F1FD77000CA8FB /* ParstagramUITests.swift */,
				942931BC28F1FD77000CA8FB /* Info.plist */,
			);
			path = ParstagramUITests;
			sourceTree = "<group>";
		};
		D7662C9742BE5D7E9D14D200 /* Pods */ = {
			isa = PBXGroup;
			children = (
				1E96D4EFB8C8F35E28268391 /* Pods-Parstagram.debug.xcconfig */,
				10426570626B7AA1DB9C715C /* Pods-Parstagram.release.xcconfig */,
				E8C27294B78E85E600BB97C6 /* Pods-Parstagram-ParstagramUITests.debug.xcconfig */,
				CFD6C1A124ABBCC7AC3C947E /* Pods-Parstagram-ParstagramUITests.release.xcconfig */,
				1BEAA524C11BBCEE74659103 /* Pods-ParstagramTests.debug.xcconfig */,
				F8B820AEFA88F9047CCD364A /* Pods-ParstagramTests.release.xcconfig */,
			);
			path = Pods;
			sourceTree = "<group>";
		};
/* End PBXGroup section */

/* Begin PBXNativeTarget section */
		9429319428F1FD73000CA8FB /* Parstagram */ = {
			isa = PBXNativeTarget;
			buildConfigurationList = 942931BF28F1FD77000CA8FB /* Build configuration list for PBXNativeTarget "Parstagram" */;
			buildPhases = (
				0FB9CCDB6AEA12B6A4413244 /* [CP] Check Pods Manifest.lock */,
				9429319128F1FD73000CA8FB /* Sources */,
				9429319228F1FD73000CA8FB /* Frameworks */,
				9429319328F1FD73000CA8FB /* Resources */,
				0DB44BF650AE9464F550F6B7 /* [CP] Embed Pods Frameworks */,
			);
			buildRules = (
			);
			dependencies = (
			);
			name = Parstagram;
			productName = Parstagram;
			productReference = 9429319528F1FD73000CA8FB /* Parstagram.app */;
			productType = "com.apple.product-type.application";
		};
		942931AA28F1FD77000CA8FB /* ParstagramTests */ = {
			isa = PBXNativeTarget;
			buildConfigurationList = 942931C228F1FD77000CA8FB /* Build configuration list for PBXNativeTarget "ParstagramTests" */;
			buildPhases = (
				5A9D4366596CDDAB95E53283 /* [CP] Check Pods Manifest.lock */,
				942931A728F1FD77000CA8FB /* Sources */,
				942931A828F1FD77000CA8FB /* Frameworks */,
				942931A928F1FD77000CA8FB /* Resources */,
			);
			buildRules = (
			);
			dependencies = (
				942931AD28F1FD77000CA8FB /* PBXTargetDependency */,
			);
			name = ParstagramTests;
			productName = ParstagramTests;
			productReference = 942931AB28F1FD77000CA8FB /* ParstagramTests.xctest */;
			productType = "com.apple.product-type.bundle.unit-test";
		};
		942931B528F1FD77000CA8FB /* ParstagramUITests */ = {
			isa = PBXNativeTarget;
			buildConfigurationList = 942931C528F1FD77000CA8FB /* Build configuration list for PBXNativeTarget "ParstagramUITests" */;
			buildPhases = (
				B35346F9E914EA92722A2440 /* [CP] Check Pods Manifest.lock */,
				942931B228F1FD77000CA8FB /* Sources */,
				942931B328F1FD77000CA8FB /* Frameworks */,
				942931B428F1FD77000CA8FB /* Resources */,
				4458AE86EE9FF906A6A4E7E1 /* [CP] Embed Pods Frameworks */,
			);
			buildRules = (
			);
			dependencies = (
				942931B828F1FD77000CA8FB /* PBXTargetDependency */,
			);
			name = ParstagramUITests;
			productName = ParstagramUITests;
			productReference = 942931B628F1FD77000CA8FB /* ParstagramUITests.xctest */;
			productType = "com.apple.product-type.bundle.ui-testing";
		};
/* End PBXNativeTarget section */

/* Begin PBXProject section */
		9429318D28F1FD73000CA8FB /* Project object */ = {
			isa = PBXProject;
			attributes = {
				LastSwiftUpdateCheck = 1130;
				LastUpgradeCheck = 1130;
				ORGANIZATIONNAME = Sukriti;
				TargetAttributes = {
					9429319428F1FD73000CA8FB = {
						CreatedOnToolsVersion = 11.3.1;
					};
					942931AA28F1FD77000CA8FB = {
						CreatedOnToolsVersion = 11.3.1;
						TestTargetID = 9429319428F1FD73000CA8FB;
					};
					942931B528F1FD77000CA8FB = {
						CreatedOnToolsVersion = 11.3.1;
						TestTargetID = 9429319428F1FD73000CA8FB;
					};
				};
			};
			buildConfigurationList = 9429319028F1FD73000CA8FB /* Build configuration list for PBXProject "Parstagram" */;
			compatibilityVersion = "Xcode 9.3";
			developmentRegion = en;
			hasScannedForEncodings = 0;
			knownRegions = (
				en,
				Base,
			);
			mainGroup = 9429318C28F1FD73000CA8FB;
			productRefGroup = 9429319628F1FD73000CA8FB /* Products */;
			projectDirPath = "";
			projectRoot = "";
			targets = (
				9429319428F1FD73000CA8FB /* Parstagram */,
				942931AA28F1FD77000CA8FB /* ParstagramTests */,
				942931B528F1FD77000CA8FB /* ParstagramUITests */,
			);
		};
/* End PBXProject section */

/* Begin PBXResourcesBuildPhase section */
		9429319328F1FD73000CA8FB /* Resources */ = {
			isa = PBXResourcesBuildPhase;
			buildActionMask = 2147483647;
			files = (
				94FB613428F5068B00F6F33A /* LaunchScreen.storyboard in Resources */,
				942931A228F1FD76000CA8FB /* Assets.xcassets in Resources */,
				942931A028F1FD73000CA8FB /* Main.storyboard in Resources */,
			);
			runOnlyForDeploymentPostprocessing = 0;
		};
		942931A928F1FD77000CA8FB /* Resources */ = {
			isa = PBXResourcesBuildPhase;
			buildActionMask = 2147483647;
			files = (
			);
			runOnlyForDeploymentPostprocessing = 0;
		};
		942931B428F1FD77000CA8FB /* Resources */ = {
			isa = PBXResourcesBuildPhase;
			buildActionMask = 2147483647;
			files = (
			);
			runOnlyForDeploymentPostprocessing = 0;
		};
/* End PBXResourcesBuildPhase section */

/* Begin PBXShellScriptBuildPhase section */
		0DB44BF650AE9464F550F6B7 /* [CP] Embed Pods Frameworks */ = {
			isa = PBXShellScriptBuildPhase;
			buildActionMask = 2147483647;
			files = (
			);
			inputFileListPaths = (
				"${PODS_ROOT}/Target Support Files/Pods-Parstagram/Pods-Parstagram-frameworks-${CONFIGURATION}-input-files.xcfilelist",
			);
			name = "[CP] Embed Pods Frameworks";
			outputFileListPaths = (
				"${PODS_ROOT}/Target Support Files/Pods-Parstagram/Pods-Parstagram-frameworks-${CONFIGURATION}-output-files.xcfilelist",
			);
			runOnlyForDeploymentPostprocessing = 0;
			shellPath = /bin/sh;
			shellScript = "\"${PODS_ROOT}/Target Support Files/Pods-Parstagram/Pods-Parstagram-frameworks.sh\"\n";
			showEnvVarsInLog = 0;
		};
		0FB9CCDB6AEA12B6A4413244 /* [CP] Check Pods Manifest.lock */ = {
			isa = PBXShellScriptBuildPhase;
			buildActionMask = 2147483647;
			files = (
			);
			inputFileListPaths = (
			);
			inputPaths = (
				"${PODS_PODFILE_DIR_PATH}/Podfile.lock",
				"${PODS_ROOT}/Manifest.lock",
			);
			name = "[CP] Check Pods Manifest.lock";
			outputFileListPaths = (
			);
			outputPaths = (
				"$(DERIVED_FILE_DIR)/Pods-Parstagram-checkManifestLockResult.txt",
			);
			runOnlyForDeploymentPostprocessing = 0;
			shellPath = /bin/sh;
			shellScript = "diff \"${PODS_PODFILE_DIR_PATH}/Podfile.lock\" \"${PODS_ROOT}/Manifest.lock\" > /dev/null\nif [ $? != 0 ] ; then\n    # print error to STDERR\n    echo \"error: The sandbox is not in sync with the Podfile.lock. Run 'pod install' or update your CocoaPods installation.\" >&2\n    exit 1\nfi\n# This output is used by Xcode 'outputs' to avoid re-running this script phase.\necho \"SUCCESS\" > \"${SCRIPT_OUTPUT_FILE_0}\"\n";
			showEnvVarsInLog = 0;
		};
		4458AE86EE9FF906A6A4E7E1 /* [CP] Embed Pods Frameworks */ = {
			isa = PBXShellScriptBuildPhase;
			buildActionMask = 2147483647;
			files = (
			);
			inputFileListPaths = (
				"${PODS_ROOT}/Target Support Files/Pods-Parstagram-ParstagramUITests/Pods-Parstagram-ParstagramUITests-frameworks-${CONFIGURATION}-input-files.xcfilelist",
			);
			name = "[CP] Embed Pods Frameworks";
			outputFileListPaths = (
				"${PODS_ROOT}/Target Support Files/Pods-Parstagram-ParstagramUITests/Pods-Parstagram-ParstagramUITests-frameworks-${CONFIGURATION}-output-files.xcfilelist",
			);
			runOnlyForDeploymentPostprocessing = 0;
			shellPath = /bin/sh;
			shellScript = "\"${PODS_ROOT}/Target Support Files/Pods-Parstagram-ParstagramUITests/Pods-Parstagram-ParstagramUITests-frameworks.sh\"\n";
			showEnvVarsInLog = 0;
		};
		5A9D4366596CDDAB95E53283 /* [CP] Check Pods Manifest.lock */ = {
			isa = PBXShellScriptBuildPhase;
			buildActionMask = 2147483647;
			files = (
			);
			inputFileListPaths = (
			);
			inputPaths = (
				"${PODS_PODFILE_DIR_PATH}/Podfile.lock",
				"${PODS_ROOT}/Manifest.lock",
			);
			name = "[CP] Check Pods Manifest.lock";
			outputFileListPaths = (
			);
			outputPaths = (
				"$(DERIVED_FILE_DIR)/Pods-ParstagramTests-checkManifestLockResult.txt",
			);
			runOnlyForDeploymentPostprocessing = 0;
			shellPath = /bin/sh;
			shellScript = "diff \"${PODS_PODFILE_DIR_PATH}/Podfile.lock\" \"${PODS_ROOT}/Manifest.lock\" > /dev/null\nif [ $? != 0 ] ; then\n    # print error to STDERR\n    echo \"error: The sandbox is not in sync with the Podfile.lock. Run 'pod install' or update your CocoaPods installation.\" >&2\n    exit 1\nfi\n# This output is used by Xcode 'outputs' to avoid re-running this script phase.\necho \"SUCCESS\" > \"${SCRIPT_OUTPUT_FILE_0}\"\n";
			showEnvVarsInLog = 0;
		};
		B35346F9E914EA92722A2440 /* [CP] Check Pods Manifest.lock */ = {
			isa = PBXShellScriptBuildPhase;
			buildActionMask = 2147483647;
			files = (
			);
			inputFileListPaths = (
			);
			inputPaths = (
				"${PODS_PODFILE_DIR_PATH}/Podfile.lock",
				"${PODS_ROOT}/Manifest.lock",
			);
			name = "[CP] Check Pods Manifest.lock";
			outputFileListPaths = (
			);
			outputPaths = (
				"$(DERIVED_FILE_DIR)/Pods-Parstagram-ParstagramUITests-checkManifestLockResult.txt",
			);
			runOnlyForDeploymentPostprocessing = 0;
			shellPath = /bin/sh;
			shellScript = "diff \"${PODS_PODFILE_DIR_PATH}/Podfile.lock\" \"${PODS_ROOT}/Manifest.lock\" > /dev/null\nif [ $? != 0 ] ; then\n    # print error to STDERR\n    echo \"error: The sandbox is not in sync with the Podfile.lock. Run 'pod install' or update your CocoaPods installation.\" >&2\n    exit 1\nfi\n# This output is used by Xcode 'outputs' to avoid re-running this script phase.\necho \"SUCCESS\" > \"${SCRIPT_OUTPUT_FILE_0}\"\n";
			showEnvVarsInLog = 0;
		};
/* End PBXShellScriptBuildPhase section */

/* Begin PBXSourcesBuildPhase section */
		9429319128F1FD73000CA8FB /* Sources */ = {
			isa = PBXSourcesBuildPhase;
			buildActionMask = 2147483647;
			files = (
				942931CB28F3A67B000CA8FB /* LoginViewController.swift in Sources */,
				942931CF28F3B886000CA8FB /* CameraViewController.swift in Sources */,
				9429319928F1FD73000CA8FB /* AppDelegate.swift in Sources */,
				942931CD28F3A6CF000CA8FB /* FeedViewController.swift in Sources */,
				9429319B28F1FD73000CA8FB /* SceneDelegate.swift in Sources */,
				942931D128F3CBAC000CA8FB /* PostCell.swift in Sources */,
			);
			runOnlyForDeploymentPostprocessing = 0;
		};
		942931A728F1FD77000CA8FB /* Sources */ = {
			isa = PBXSourcesBuildPhase;
			buildActionMask = 2147483647;
			files = (
				942931B028F1FD77000CA8FB /* ParstagramTests.swift in Sources */,
			);
			runOnlyForDeploymentPostprocessing = 0;
		};
		942931B228F1FD77000CA8FB /* Sources */ = {
			isa = PBXSourcesBuildPhase;
			buildActionMask = 2147483647;
			files = (
				942931BB28F1FD77000CA8FB /* ParstagramUITests.swift in Sources */,
			);
			runOnlyForDeploymentPostprocessing = 0;
		};
/* End PBXSourcesBuildPhase section */

/* Begin PBXTargetDependency section */
		942931AD28F1FD77000CA8FB /* PBXTargetDependency */ = {
			isa = PBXTargetDependency;
			target = 9429319428F1FD73000CA8FB /* Parstagram */;
			targetProxy = 942931AC28F1FD77000CA8FB /* PBXContainerItemProxy */;
		};
		942931B828F1FD77000CA8FB /* PBXTargetDependency */ = {
			isa = PBXTargetDependency;
			target = 9429319428F1FD73000CA8FB /* Parstagram */;
			targetProxy = 942931B728F1FD77000CA8FB /* PBXContainerItemProxy */;
		};
/* End PBXTargetDependency section */

/* Begin PBXVariantGroup section */
		9429319E28F1FD73000CA8FB /* Main.storyboard */ = {
			isa = PBXVariantGroup;
			children = (
				9429319F28F1FD73000CA8FB /* Base */,
			);
			name = Main.storyboard;
			sourceTree = "<group>";
		};
		942931A328F1FD76000CA8FB /* LaunchScreen.storyboard */ = {
			isa = PBXVariantGroup;
			children = (
				942931A428F1FD76000CA8FB /* Base */,
			);
			name = LaunchScreen.storyboard;
			sourceTree = "<group>";
		};
/* End PBXVariantGroup section */

/* Begin XCBuildConfiguration section */
		942931BD28F1FD77000CA8FB /* Debug */ = {
			isa = XCBuildConfiguration;
			buildSettings = {
				ALWAYS_SEARCH_USER_PATHS = NO;
				CLANG_ANALYZER_NONNULL = YES;
				CLANG_ANALYZER_NUMBER_OBJECT_CONVERSION = YES_AGGRESSIVE;
				CLANG_CXX_LANGUAGE_STANDARD = "gnu++14";
				CLANG_CXX_LIBRARY = "libc++";
				CLANG_ENABLE_MODULES = YES;
				CLANG_ENABLE_OBJC_ARC = YES;
				CLANG_ENABLE_OBJC_WEAK = YES;
				CLANG_WARN_BLOCK_CAPTURE_AUTORELEASING = YES;
				CLANG_WARN_BOOL_CONVERSION = YES;
				CLANG_WARN_COMMA = YES;
				CLANG_WARN_CONSTANT_CONVERSION = YES;
				CLANG_WARN_DEPRECATED_OBJC_IMPLEMENTATIONS = YES;
				CLANG_WARN_DIRECT_OBJC_ISA_USAGE = YES_ERROR;
				CLANG_WARN_DOCUMENTATION_COMMENTS = YES;
				CLANG_WARN_EMPTY_BODY = YES;
				CLANG_WARN_ENUM_CONVERSION = YES;
				CLANG_WARN_INFINITE_RECURSION = YES;
				CLANG_WARN_INT_CONVERSION = YES;
				CLANG_WARN_NON_LITERAL_NULL_CONVERSION = YES;
				CLANG_WARN_OBJC_IMPLICIT_RETAIN_SELF = YES;
				CLANG_WARN_OBJC_LITERAL_CONVERSION = YES;
				CLANG_WARN_OBJC_ROOT_CLASS = YES_ERROR;
				CLANG_WARN_RANGE_LOOP_ANALYSIS = YES;
				CLANG_WARN_STRICT_PROTOTYPES = YES;
				CLANG_WARN_SUSPICIOUS_MOVE = YES;
				CLANG_WARN_UNGUARDED_AVAILABILITY = YES_AGGRESSIVE;
				CLANG_WARN_UNREACHABLE_CODE = YES;
				CLANG_WARN__DUPLICATE_METHOD_MATCH = YES;
				COPY_PHASE_STRIP = NO;
				DEBUG_INFORMATION_FORMAT = dwarf;
				ENABLE_STRICT_OBJC_MSGSEND = YES;
				ENABLE_TESTABILITY = YES;
				GCC_C_LANGUAGE_STANDARD = gnu11;
				GCC_DYNAMIC_NO_PIC = NO;
				GCC_NO_COMMON_BLOCKS = YES;
				GCC_OPTIMIZATION_LEVEL = 0;
				GCC_PREPROCESSOR_DEFINITIONS = (
					"DEBUG=1",
					"$(inherited)",
				);
				GCC_WARN_64_TO_32_BIT_CONVERSION = YES;
				GCC_WARN_ABOUT_RETURN_TYPE = YES_ERROR;
				GCC_WARN_UNDECLARED_SELECTOR = YES;
				GCC_WARN_UNINITIALIZED_AUTOS = YES_AGGRESSIVE;
				GCC_WARN_UNUSED_FUNCTION = YES;
				GCC_WARN_UNUSED_VARIABLE = YES;
				IPHONEOS_DEPLOYMENT_TARGET = 13.2;
				MTL_ENABLE_DEBUG_INFO = INCLUDE_SOURCE;
				MTL_FAST_MATH = YES;
				ONLY_ACTIVE_ARCH = YES;
				SDKROOT = iphoneos;
				SWIFT_ACTIVE_COMPILATION_CONDITIONS = DEBUG;
				SWIFT_OPTIMIZATION_LEVEL = "-Onone";
			};
			name = Debug;
		};
		942931BE28F1FD77000CA8FB /* Release */ = {
			isa = XCBuildConfiguration;
			buildSettings = {
				ALWAYS_SEARCH_USER_PATHS = NO;
				CLANG_ANALYZER_NONNULL = YES;
				CLANG_ANALYZER_NUMBER_OBJECT_CONVERSION = YES_AGGRESSIVE;
				CLANG_CXX_LANGUAGE_STANDARD = "gnu++14";
				CLANG_CXX_LIBRARY = "libc++";
				CLANG_ENABLE_MODULES = YES;
				CLANG_ENABLE_OBJC_ARC = YES;
				CLANG_ENABLE_OBJC_WEAK = YES;
				CLANG_WARN_BLOCK_CAPTURE_AUTORELEASING = YES;
				CLANG_WARN_BOOL_CONVERSION = YES;
				CLANG_WARN_COMMA = YES;
				CLANG_WARN_CONSTANT_CONVERSION = YES;
				CLANG_WARN_DEPRECATED_OBJC_IMPLEMENTATIONS = YES;
				CLANG_WARN_DIRECT_OBJC_ISA_USAGE = YES_ERROR;
				CLANG_WARN_DOCUMENTATION_COMMENTS = YES;
				CLANG_WARN_EMPTY_BODY = YES;
				CLANG_WARN_ENUM_CONVERSION = YES;
				CLANG_WARN_INFINITE_RECURSION = YES;
				CLANG_WARN_INT_CONVERSION = YES;
				CLANG_WARN_NON_LITERAL_NULL_CONVERSION = YES;
				CLANG_WARN_OBJC_IMPLICIT_RETAIN_SELF = YES;
				CLANG_WARN_OBJC_LITERAL_CONVERSION = YES;
				CLANG_WARN_OBJC_ROOT_CLASS = YES_ERROR;
				CLANG_WARN_RANGE_LOOP_ANALYSIS = YES;
				CLANG_WARN_STRICT_PROTOTYPES = YES;
				CLANG_WARN_SUSPICIOUS_MOVE = YES;
				CLANG_WARN_UNGUARDED_AVAILABILITY = YES_AGGRESSIVE;
				CLANG_WARN_UNREACHABLE_CODE = YES;
				CLANG_WARN__DUPLICATE_METHOD_MATCH = YES;
				COPY_PHASE_STRIP = NO;
				DEBUG_INFORMATION_FORMAT = "dwarf-with-dsym";
				ENABLE_NS_ASSERTIONS = NO;
				ENABLE_STRICT_OBJC_MSGSEND = YES;
				GCC_C_LANGUAGE_STANDARD = gnu11;
				GCC_NO_COMMON_BLOCKS = YES;
				GCC_WARN_64_TO_32_BIT_CONVERSION = YES;
				GCC_WARN_ABOUT_RETURN_TYPE = YES_ERROR;
				GCC_WARN_UNDECLARED_SELECTOR = YES;
				GCC_WARN_UNINITIALIZED_AUTOS = YES_AGGRESSIVE;
				GCC_WARN_UNUSED_FUNCTION = YES;
				GCC_WARN_UNUSED_VARIABLE = YES;
				IPHONEOS_DEPLOYMENT_TARGET = 13.2;
				MTL_ENABLE_DEBUG_INFO = NO;
				MTL_FAST_MATH = YES;
				SDKROOT = iphoneos;
				SWIFT_COMPILATION_MODE = wholemodule;
				SWIFT_OPTIMIZATION_LEVEL = "-O";
				VALIDATE_PRODUCT = YES;
			};
			name = Release;
		};
		942931C028F1FD77000CA8FB /* Debug */ = {
			isa = XCBuildConfiguration;
			baseConfigurationReference = 1E96D4EFB8C8F35E28268391 /* Pods-Parstagram.debug.xcconfig */;
			buildSettings = {
				ASSETCATALOG_COMPILER_APPICON_NAME = AppIcon;
				CODE_SIGN_STYLE = Automatic;
				INFOPLIST_FILE = Parstagram/Info.plist;
				LD_RUNPATH_SEARCH_PATHS = (
					"$(inherited)",
					"@executable_path/Frameworks",
				);
				PRODUCT_BUNDLE_IDENTIFIER = "yada-yada-yada.Parstagram";
				PRODUCT_NAME = "$(TARGET_NAME)";
				SWIFT_VERSION = 5.0;
				TARGETED_DEVICE_FAMILY = "1,2";
			};
			name = Debug;
		};
		942931C128F1FD77000CA8FB /* Release */ = {
			isa = XCBuildConfiguration;
			baseConfigurationReference = 10426570626B7AA1DB9C715C /* Pods-Parstagram.release.xcconfig */;
			buildSettings = {
				ASSETCATALOG_COMPILER_APPICON_NAME = AppIcon;
				CODE_SIGN_STYLE = Automatic;
				INFOPLIST_FILE = Parstagram/Info.plist;
				LD_RUNPATH_SEARCH_PATHS = (
					"$(inherited)",
					"@executable_path/Frameworks",
				);
				PRODUCT_BUNDLE_IDENTIFIER = "yada-yada-yada.Parstagram";
				PRODUCT_NAME = "$(TARGET_NAME)";
				SWIFT_VERSION = 5.0;
				TARGETED_DEVICE_FAMILY = "1,2";
			};
			name = Release;
		};
		942931C328F1FD77000CA8FB /* Debug */ = {
			isa = XCBuildConfiguration;
			baseConfigurationReference = 1BEAA524C11BBCEE74659103 /* Pods-ParstagramTests.debug.xcconfig */;
			buildSettings = {
				ALWAYS_EMBED_SWIFT_STANDARD_LIBRARIES = YES;
				BUNDLE_LOADER = "$(TEST_HOST)";
				CODE_SIGN_STYLE = Automatic;
				INFOPLIST_FILE = ParstagramTests/Info.plist;
				IPHONEOS_DEPLOYMENT_TARGET = 13.2;
				LD_RUNPATH_SEARCH_PATHS = (
					"$(inherited)",
					"@executable_path/Frameworks",
					"@loader_path/Frameworks",
				);
				PRODUCT_BUNDLE_IDENTIFIER = "yada-yada-yada.ParstagramTests";
				PRODUCT_NAME = "$(TARGET_NAME)";
				SWIFT_VERSION = 5.0;
				TARGETED_DEVICE_FAMILY = "1,2";
				TEST_HOST = "$(BUILT_PRODUCTS_DIR)/Parstagram.app/Parstagram";
			};
			name = Debug;
		};
		942931C428F1FD77000CA8FB /* Release */ = {
			isa = XCBuildConfiguration;
			baseConfigurationReference = F8B820AEFA88F9047CCD364A /* Pods-ParstagramTests.release.xcconfig */;
			buildSettings = {
				ALWAYS_EMBED_SWIFT_STANDARD_LIBRARIES = YES;
				BUNDLE_LOADER = "$(TEST_HOST)";
				CODE_SIGN_STYLE = Automatic;
				INFOPLIST_FILE = ParstagramTests/Info.plist;
				IPHONEOS_DEPLOYMENT_TARGET = 13.2;
				LD_RUNPATH_SEARCH_PATHS = (
					"$(inherited)",
					"@executable_path/Frameworks",
					"@loader_path/Frameworks",
				);
				PRODUCT_BUNDLE_IDENTIFIER = "yada-yada-yada.ParstagramTests";
				PRODUCT_NAME = "$(TARGET_NAME)";
				SWIFT_VERSION = 5.0;
				TARGETED_DEVICE_FAMILY = "1,2";
				TEST_HOST = "$(BUILT_PRODUCTS_DIR)/Parstagram.app/Parstagram";
			};
			name = Release;
		};
		942931C628F1FD77000CA8FB /* Debug */ = {
			isa = XCBuildConfiguration;
			baseConfigurationReference = E8C27294B78E85E600BB97C6 /* Pods-Parstagram-ParstagramUITests.debug.xcconfig */;
			buildSettings = {
				ALWAYS_EMBED_SWIFT_STANDARD_LIBRARIES = YES;
				CODE_SIGN_STYLE = Automatic;
				INFOPLIST_FILE = ParstagramUITests/Info.plist;
				LD_RUNPATH_SEARCH_PATHS = (
					"$(inherited)",
					"@executable_path/Frameworks",
					"@loader_path/Frameworks",
				);
				PRODUCT_BUNDLE_IDENTIFIER = "yada-yada-yada.ParstagramUITests";
				PRODUCT_NAME = "$(TARGET_NAME)";
				SWIFT_VERSION = 5.0;
				TARGETED_DEVICE_FAMILY = "1,2";
				TEST_TARGET_NAME = Parstagram;
			};
			name = Debug;
		};
		942931C728F1FD77000CA8FB /* Release */ = {
			isa = XCBuildConfiguration;
			baseConfigurationReference = CFD6C1A124ABBCC7AC3C947E /* Pods-Parstagram-ParstagramUITests.release.xcconfig */;
			buildSettings = {
				ALWAYS_EMBED_SWIFT_STANDARD_LIBRARIES = YES;
				CODE_SIGN_STYLE = Automatic;
				INFOPLIST_FILE = ParstagramUITests/Info.plist;
				LD_RUNPATH_SEARCH_PATHS = (
					"$(inherited)",
					"@executable_path/Frameworks",
					"@loader_path/Frameworks",
				);
				PRODUCT_BUNDLE_IDENTIFIER = "yada-yada-yada.ParstagramUITests";
				PRODUCT_NAME = "$(TARGET_NAME)";
				SWIFT_VERSION = 5.0;
				TARGETED_DEVICE_FAMILY = "1,2";
				TEST_TARGET_NAME = Parstagram;
			};
			name = Release;
		};
/* End XCBuildConfiguration section */

/* Begin XCConfigurationList section */
		9429319028F1FD73000CA8FB /* Build configuration list for PBXProject "Parstagram" */ = {
			isa = XCConfigurationList;
			buildConfigurations = (
				942931BD28F1FD77000CA8FB /* Debug */,
				942931BE28F1FD77000CA8FB /* Release */,
			);
			defaultConfigurationIsVisible = 0;
			defaultConfigurationName = Release;
		};
		942931BF28F1FD77000CA8FB /* Build configuration list for PBXNativeTarget "Parstagram" */ = {
			isa = XCConfigurationList;
			buildConfigurations = (
				942931C028F1FD77000CA8FB /* Debug */,
				942931C128F1FD77000CA8FB /* Release */,
			);
			defaultConfigurationIsVisible = 0;
			defaultConfigurationName = Release;
		};
		942931C228F1FD77000CA8FB /* Build configuration list for PBXNativeTarget "ParstagramTests" */ = {
			isa = XCConfigurationList;
			buildConfigurations = (
				942931C328F1FD77000CA8FB /* Debug */,
				942931C428F1FD77000CA8FB /* Release */,
			);
			defaultConfigurationIsVisible = 0;
			defaultConfigurationName = Release;
		};
		942931C528F1FD77000CA8FB /* Build configuration list for PBXNativeTarget "ParstagramUITests" */ = {
			isa = XCConfigurationList;
			buildConfigurations = (
				942931C628F1FD77000CA8FB /* Debug */,
				942931C728F1FD77000CA8FB /* Release */,
			);
			defaultConfigurationIsVisible = 0;
			defaultConfigurationName = Release;
		};
/* End XCConfigurationList section */
	};
	rootObject = 9429318D28F1FD73000CA8FB /* Project object */;
}
